// !$*UTF8*$!
{
	archiveVersion = 1;
	classes = {
	};
	objectVersion = 55;
	objects = {

/* Begin PBXBuildFile section */
		47E1625E28070AA2008891A2 /* UI_539App.swift in Sources */ = {isa = PBXBuildFile; fileRef = 47E1625D28070AA2008891A2 /* UI_539App.swift */; };
		47E1626028070AA2008891A2 /* ContentView.swift in Sources */ = {isa = PBXBuildFile; fileRef = 47E1625F28070AA2008891A2 /* ContentView.swift */; };
		47E1626228070AA3008891A2 /* Assets.xcassets in Resources */ = {isa = PBXBuildFile; fileRef = 47E1626128070AA3008891A2 /* Assets.xcassets */; };
		47E1626528070AA3008891A2 /* Preview Assets.xcassets in Resources */ = {isa = PBXBuildFile; fileRef = 47E1626428070AA3008891A2 /* Preview Assets.xcassets */; };
		47E1626F28070AA3008891A2 /* UI_539Tests.swift in Sources */ = {isa = PBXBuildFile; fileRef = 47E1626E28070AA3008891A2 /* UI_539Tests.swift */; };
		47E1627928070AA3008891A2 /* UI_539UITests.swift in Sources */ = {isa = PBXBuildFile; fileRef = 47E1627828070AA3008891A2 /* UI_539UITests.swift */; };
		47E1627B28070AA3008891A2 /* UI_539UITestsLaunchTests.swift in Sources */ = {isa = PBXBuildFile; fileRef = 47E1627A28070AA3008891A2 /* UI_539UITestsLaunchTests.swift */; };
		47E1628928070AB1008891A2 /* Home.swift in Sources */ = {isa = PBXBuildFile; fileRef = 47E1628828070AB1008891A2 /* Home.swift */; };
		47E1628C28070EA1008891A2 /* LineGraph.swift in Sources */ = {isa = PBXBuildFile; fileRef = 47E1628B28070EA1008891A2 /* LineGraph.swift */; };
		47E1628E28070EB4008891A2 /* CyptonModel.swift in Sources */ = {isa = PBXBuildFile; fileRef = 47E1628D28070EB4008891A2 /* CyptonModel.swift */; };
		47E162912807108B008891A2 /* AppViewModel.swift in Sources */ = {isa = PBXBuildFile; fileRef = 47E162902807108B008891A2 /* AppViewModel.swift */; };
		47E162942807150B008891A2 /* SDWebImageSwiftUI in Frameworks */ = {isa = PBXBuildFile; productRef = 47E162932807150B008891A2 /* SDWebImageSwiftUI */; };
/* End PBXBuildFile section */

/* Begin PBXContainerItemProxy section */
		47E1626B28070AA3008891A2 /* PBXContainerItemProxy */ = {
			isa = PBXContainerItemProxy;
			containerPortal = 47E1625228070AA2008891A2 /* Project object */;
			proxyType = 1;
			remoteGlobalIDString = 47E1625928070AA2008891A2;
			remoteInfo = "UI-539";
		};
		47E1627528070AA3008891A2 /* PBXContainerItemProxy */ = {
			isa = PBXContainerItemProxy;
			containerPortal = 47E1625228070AA2008891A2 /* Project object */;
			proxyType = 1;
			remoteGlobalIDString = 47E1625928070AA2008891A2;
			remoteInfo = "UI-539";
		};
/* End PBXContainerItemProxy section */

/* Begin PBXFileReference section */
		47E1625A28070AA2008891A2 /* UI-539.app */ = {isa = PBXFileReference; explicitFileType = wrapper.application; includeInIndex = 0; path = "UI-539.app"; sourceTree = BUILT_PRODUCTS_DIR; };
		47E1625D28070AA2008891A2 /* UI_539App.swift */ = {isa = PBXFileReference; lastKnownFileType = sourcecode.swift; path = UI_539App.swift; sourceTree = "<group>"; };
		47E1625F28070AA2008891A2 /* ContentView.swift */ = {isa = PBXFileReference; lastKnownFileType = sourcecode.swift; path = ContentView.swift; sourceTree = "<group>"; };
		47E1626128070AA3008891A2 /* Assets.xcassets */ = {isa = PBXFileReference; lastKnownFileType = folder.assetcatalog; path = Assets.xcassets; sourceTree = "<group>"; };
		47E1626428070AA3008891A2 /* Preview Assets.xcassets */ = {isa = PBXFileReference; lastKnownFileType = folder.assetcatalog; path = "Preview Assets.xcassets"; sourceTree = "<group>"; };
		47E1626A28070AA3008891A2 /* UI-539Tests.xctest */ = {isa = PBXFileReference; explicitFileType = wrapper.cfbundle; includeInIndex = 0; path = "UI-539Tests.xctest"; sourceTree = BUILT_PRODUCTS_DIR; };
		47E1626E28070AA3008891A2 /* UI_539Tests.swift */ = {isa = PBXFileReference; lastKnownFileType = sourcecode.swift; path = UI_539Tests.swift; sourceTree = "<group>"; };
		47E1627428070AA3008891A2 /* UI-539UITests.xctest */ = {isa = PBXFileReference; explicitFileType = wrapper.cfbundle; includeInIndex = 0; path = "UI-539UITests.xctest"; sourceTree = BUILT_PRODUCTS_DIR; };
		47E1627828070AA3008891A2 /* UI_539UITests.swift */ = {isa = PBXFileReference; lastKnownFileType = sourcecode.swift; path = UI_539UITests.swift; sourceTree = "<group>"; };
		47E1627A28070AA3008891A2 /* UI_539UITestsLaunchTests.swift */ = {isa = PBXFileReference; lastKnownFileType = sourcecode.swift; path = UI_539UITestsLaunchTests.swift; sourceTree = "<group>"; };
		47E1628828070AB1008891A2 /* Home.swift */ = {isa = PBXFileReference; lastKnownFileType = sourcecode.swift; path = Home.swift; sourceTree = "<group>"; };
		47E1628B28070EA1008891A2 /* LineGraph.swift */ = {isa = PBXFileReference; fileEncoding = 4; lastKnownFileType = sourcecode.swift; path = LineGraph.swift; sourceTree = "<group>"; };
		47E1628D28070EB4008891A2 /* CyptonModel.swift */ = {isa = PBXFileReference; lastKnownFileType = sourcecode.swift; path = CyptonModel.swift; sourceTree = "<group>"; };
		47E162902807108B008891A2 /* AppViewModel.swift */ = {isa = PBXFileReference; lastKnownFileType = sourcecode.swift; path = AppViewModel.swift; sourceTree = "<group>"; };
/* End PBXFileReference section */

/* Begin PBXFrameworksBuildPhase section */
		47E1625728070AA2008891A2 /* Frameworks */ = {
			isa = PBXFrameworksBuildPhase;
			buildActionMask = 2147483647;
			files = (
				47E162942807150B008891A2 /* SDWebImageSwiftUI in Frameworks */,
			);
			runOnlyForDeploymentPostprocessing = 0;
		};
		47E1626728070AA3008891A2 /* Frameworks */ = {
			isa = PBXFrameworksBuildPhase;
			buildActionMask = 2147483647;
			files = (
			);
			runOnlyForDeploymentPostprocessing = 0;
		};
		47E1627128070AA3008891A2 /* Frameworks */ = {
			isa = PBXFrameworksBuildPhase;
			buildActionMask = 2147483647;
			files = (
			);
			runOnlyForDeploymentPostprocessing = 0;
		};
/* End PBXFrameworksBuildPhase section */

/* Begin PBXGroup section */
		47E1625128070AA2008891A2 = {
			isa = PBXGroup;
			children = (
				47E1625C28070AA2008891A2 /* UI-539 */,
				47E1626D28070AA3008891A2 /* UI-539Tests */,
				47E1627728070AA3008891A2 /* UI-539UITests */,
				47E1625B28070AA2008891A2 /* Products */,
			);
			sourceTree = "<group>";
		};
		47E1625B28070AA2008891A2 /* Products */ = {
			isa = PBXGroup;
			children = (
				47E1625A28070AA2008891A2 /* UI-539.app */,
				47E1626A28070AA3008891A2 /* UI-539Tests.xctest */,
				47E1627428070AA3008891A2 /* UI-539UITests.xctest */,
			);
			name = Products;
			sourceTree = "<group>";
		};
		47E1625C28070AA2008891A2 /* UI-539 */ = {
			isa = PBXGroup;
			children = (
				47E1628F2807107D008891A2 /* ViewModel */,
				47E1628A28070E90008891A2 /* Model */,
				47E1628728070AAC008891A2 /* View */,
				47E1625D28070AA2008891A2 /* UI_539App.swift */,
				47E1625F28070AA2008891A2 /* ContentView.swift */,
				47E1626128070AA3008891A2 /* Assets.xcassets */,
				47E1626328070AA3008891A2 /* Preview Content */,
			);
			path = "UI-539";
			sourceTree = "<group>";
		};
		47E1626328070AA3008891A2 /* Preview Content */ = {
			isa = PBXGroup;
			children = (
				47E1626428070AA3008891A2 /* Preview Assets.xcassets */,
			);
			path = "Preview Content";
			sourceTree = "<group>";
		};
		47E1626D28070AA3008891A2 /* UI-539Tests */ = {
			isa = PBXGroup;
			children = (
				47E1626E28070AA3008891A2 /* UI_539Tests.swift */,
			);
			path = "UI-539Tests";
			sourceTree = "<group>";
		};
		47E1627728070AA3008891A2 /* UI-539UITests */ = {
			isa = PBXGroup;
			children = (
				47E1627828070AA3008891A2 /* UI_539UITests.swift */,
				47E1627A28070AA3008891A2 /* UI_539UITestsLaunchTests.swift */,
			);
			path = "UI-539UITests";
			sourceTree = "<group>";
		};
		47E1628728070AAC008891A2 /* View */ = {
			isa = PBXGroup;
			children = (
				47E1628828070AB1008891A2 /* Home.swift */,
				47E1628B28070EA1008891A2 /* LineGraph.swift */,
			);
			path = View;
			sourceTree = "<group>";
		};
		47E1628A28070E90008891A2 /* Model */ = {
			isa = PBXGroup;
			children = (
				47E1628D28070EB4008891A2 /* CyptonModel.swift */,
			);
			path = Model;
			sourceTree = "<group>";
		};
		47E1628F2807107D008891A2 /* ViewModel */ = {
			isa = PBXGroup;
			children = (
				47E162902807108B008891A2 /* AppViewModel.swift */,
			);
			path = ViewModel;
			sourceTree = "<group>";
		};
/* End PBXGroup section */

/* Begin PBXNativeTarget section */
		47E1625928070AA2008891A2 /* UI-539 */ = {
			isa = PBXNativeTarget;
			buildConfigurationList = 47E1627E28070AA3008891A2 /* Build configuration list for PBXNativeTarget "UI-539" */;
			buildPhases = (
				47E1625628070AA2008891A2 /* Sources */,
				47E1625728070AA2008891A2 /* Frameworks */,
				47E1625828070AA2008891A2 /* Resources */,
			);
			buildRules = (
			);
			dependencies = (
			);
			name = "UI-539";
			packageProductDependencies = (
				47E162932807150B008891A2 /* SDWebImageSwiftUI */,
			);
			productName = "UI-539";
			productReference = 47E1625A28070AA2008891A2 /* UI-539.app */;
			productType = "com.apple.product-type.application";
		};
		47E1626928070AA3008891A2 /* UI-539Tests */ = {
			isa = PBXNativeTarget;
			buildConfigurationList = 47E1628128070AA3008891A2 /* Build configuration list for PBXNativeTarget "UI-539Tests" */;
			buildPhases = (
				47E1626628070AA3008891A2 /* Sources */,
				47E1626728070AA3008891A2 /* Frameworks */,
				47E1626828070AA3008891A2 /* Resources */,
			);
			buildRules = (
			);
			dependencies = (
				47E1626C28070AA3008891A2 /* PBXTargetDependency */,
			);
			name = "UI-539Tests";
			productName = "UI-539Tests";
			productReference = 47E1626A28070AA3008891A2 /* UI-539Tests.xctest */;
			productType = "com.apple.product-type.bundle.unit-test";
		};
		47E1627328070AA3008891A2 /* UI-539UITests */ = {
			isa = PBXNativeTarget;
			buildConfigurationList = 47E1628428070AA3008891A2 /* Build configuration list for PBXNativeTarget "UI-539UITests" */;
			buildPhases = (
				47E1627028070AA3008891A2 /* Sources */,
				47E1627128070AA3008891A2 /* Frameworks */,
				47E1627228070AA3008891A2 /* Resources */,
			);
			buildRules = (
			);
			dependencies = (
				47E1627628070AA3008891A2 /* PBXTargetDependency */,
			);
			name = "UI-539UITests";
			productName = "UI-539UITests";
			productReference = 47E1627428070AA3008891A2 /* UI-539UITests.xctest */;
			productType = "com.apple.product-type.bundle.ui-testing";
		};
/* End PBXNativeTarget section */

/* Begin PBXProject section */
		47E1625228070AA2008891A2 /* Project object */ = {
			isa = PBXProject;
			attributes = {
				BuildIndependentTargetsInParallel = 1;
				LastSwiftUpdateCheck = 1330;
				LastUpgradeCheck = 1330;
				TargetAttributes = {
					47E1625928070AA2008891A2 = {
						CreatedOnToolsVersion = 13.3;
					};
					47E1626928070AA3008891A2 = {
						CreatedOnToolsVersion = 13.3;
						TestTargetID = 47E1625928070AA2008891A2;
					};
					47E1627328070AA3008891A2 = {
						CreatedOnToolsVersion = 13.3;
						TestTargetID = 47E1625928070AA2008891A2;
					};
				};
			};
			buildConfigurationList = 47E1625528070AA2008891A2 /* Build configuration list for PBXProject "UI-539" */;
			compatibilityVersion = "Xcode 13.0";
			developmentRegion = en;
			hasScannedForEncodings = 0;
			knownRegions = (
				en,
				Base,
			);
			mainGroup = 47E1625128070AA2008891A2;
			packageReferences = (
				47E162922807150B008891A2 /* XCRemoteSwiftPackageReference "SDWebImageSwiftUI" */,
			);
			productRefGroup = 47E1625B28070AA2008891A2 /* Products */;
			projectDirPath = "";
			projectRoot = "";
			targets = (
				47E1625928070AA2008891A2 /* UI-539 */,
				47E1626928070AA3008891A2 /* UI-539Tests */,
				47E1627328070AA3008891A2 /* UI-539UITests */,
			);
		};
/* End PBXProject section */

/* Begin PBXResourcesBuildPhase section */
		47E1625828070AA2008891A2 /* Resources */ = {
			isa = PBXResourcesBuildPhase;
			buildActionMask = 2147483647;
			files = (
				47E1626528070AA3008891A2 /* Preview Assets.xcassets in Resources */,
				47E1626228070AA3008891A2 /* Assets.xcassets in Resources */,
			);
			runOnlyForDeploymentPostprocessing = 0;
		};
		47E1626828070AA3008891A2 /* Resources */ = {
			isa = PBXResourcesBuildPhase;
			buildActionMask = 2147483647;
			files = (
			);
			runOnlyForDeploymentPostprocessing = 0;
		};
		47E1627228070AA3008891A2 /* Resources */ = {
			isa = PBXResourcesBuildPhase;
			buildActionMask = 2147483647;
			files = (
			);
			runOnlyForDeploymentPostprocessing = 0;
		};
/* End PBXResourcesBuildPhase section */

/* Begin PBXSourcesBuildPhase section */
		47E1625628070AA2008891A2 /* Sources */ = {
			isa = PBXSourcesBuildPhase;
			buildActionMask = 2147483647;
			files = (
				47E1628C28070EA1008891A2 /* LineGraph.swift in Sources */,
				47E1626028070AA2008891A2 /* ContentView.swift in Sources */,
				47E162912807108B008891A2 /* AppViewModel.swift in Sources */,
				47E1628928070AB1008891A2 /* Home.swift in Sources */,
				47E1625E28070AA2008891A2 /* UI_539App.swift in Sources */,
				47E1628E28070EB4008891A2 /* CyptonModel.swift in Sources */,
			);
			runOnlyForDeploymentPostprocessing = 0;
		};
		47E1626628070AA3008891A2 /* Sources */ = {
			isa = PBXSourcesBuildPhase;
			buildActionMask = 2147483647;
			files = (
				47E1626F28070AA3008891A2 /* UI_539Tests.swift in Sources */,
			);
			runOnlyForDeploymentPostprocessing = 0;
		};
		47E1627028070AA3008891A2 /* Sources */ = {
			isa = PBXSourcesBuildPhase;
			buildActionMask = 2147483647;
			files = (
				47E1627B28070AA3008891A2 /* UI_539UITestsLaunchTests.swift in Sources */,
				47E1627928070AA3008891A2 /* UI_539UITests.swift in Sources */,
			);
			runOnlyForDeploymentPostprocessing = 0;
		};
/* End PBXSourcesBuildPhase section */

/* Begin PBXTargetDependency section */
		47E1626C28070AA3008891A2 /* PBXTargetDependency */ = {
			isa = PBXTargetDependency;
			target = 47E1625928070AA2008891A2 /* UI-539 */;
			targetProxy = 47E1626B28070AA3008891A2 /* PBXContainerItemProxy */;
		};
		47E1627628070AA3008891A2 /* PBXTargetDependency */ = {
			isa = PBXTargetDependency;
			target = 47E1625928070AA2008891A2 /* UI-539 */;
			targetProxy = 47E1627528070AA3008891A2 /* PBXContainerItemProxy */;
		};
/* End PBXTargetDependency section */

/* Begin XCBuildConfiguration section */
		47E1627C28070AA3008891A2 /* Debug */ = {
			isa = XCBuildConfiguration;
			buildSettings = {
				ALWAYS_SEARCH_USER_PATHS = NO;
				CLANG_ANALYZER_NONNULL = YES;
				CLANG_ANALYZER_NUMBER_OBJECT_CONVERSION = YES_AGGRESSIVE;
				CLANG_CXX_LANGUAGE_STANDARD = "gnu++17";
				CLANG_ENABLE_MODULES = YES;
				CLANG_ENABLE_OBJC_ARC = YES;
				CLANG_ENABLE_OBJC_WEAK = YES;
				CLANG_WARN_BLOCK_CAPTURE_AUTORELEASING = YES;
				CLANG_WARN_BOOL_CONVERSION = YES;
				CLANG_WARN_COMMA = YES;
				CLANG_WARN_CONSTANT_CONVERSION = YES;
				CLANG_WARN_DEPRECATED_OBJC_IMPLEMENTATIONS = YES;
				CLANG_WARN_DIRECT_OBJC_ISA_USAGE = YES_ERROR;
				CLANG_WARN_DOCUMENTATION_COMMENTS = YES;
				CLANG_WARN_EMPTY_BODY = YES;
				CLANG_WARN_ENUM_CONVERSION = YES;
				CLANG_WARN_INFINITE_RECURSION = YES;
				CLANG_WARN_INT_CONVERSION = YES;
				CLANG_WARN_NON_LITERAL_NULL_CONVERSION = YES;
				CLANG_WARN_OBJC_IMPLICIT_RETAIN_SELF = YES;
				CLANG_WARN_OBJC_LITERAL_CONVERSION = YES;
				CLANG_WARN_OBJC_ROOT_CLASS = YES_ERROR;
				CLANG_WARN_QUOTED_INCLUDE_IN_FRAMEWORK_HEADER = YES;
				CLANG_WARN_RANGE_LOOP_ANALYSIS = YES;
				CLANG_WARN_STRICT_PROTOTYPES = YES;
				CLANG_WARN_SUSPICIOUS_MOVE = YES;
				CLANG_WARN_UNGUARDED_AVAILABILITY = YES_AGGRESSIVE;
				CLANG_WARN_UNREACHABLE_CODE = YES;
				CLANG_WARN__DUPLICATE_METHOD_MATCH = YES;
				COPY_PHASE_STRIP = NO;
				DEBUG_INFORMATION_FORMAT = dwarf;
				ENABLE_STRICT_OBJC_MSGSEND = YES;
				ENABLE_TESTABILITY = YES;
				GCC_C_LANGUAGE_STANDARD = gnu11;
				GCC_DYNAMIC_NO_PIC = NO;
				GCC_NO_COMMON_BLOCKS = YES;
				GCC_OPTIMIZATION_LEVEL = 0;
				GCC_PREPROCESSOR_DEFINITIONS = (
					"DEBUG=1",
					"$(inherited)",
				);
				GCC_WARN_64_TO_32_BIT_CONVERSION = YES;
				GCC_WARN_ABOUT_RETURN_TYPE = YES_ERROR;
				GCC_WARN_UNDECLARED_SELECTOR = YES;
				GCC_WARN_UNINITIALIZED_AUTOS = YES_AGGRESSIVE;
				GCC_WARN_UNUSED_FUNCTION = YES;
				GCC_WARN_UNUSED_VARIABLE = YES;
				IPHONEOS_DEPLOYMENT_TARGET = 15.4;
				MTL_ENABLE_DEBUG_INFO = INCLUDE_SOURCE;
				MTL_FAST_MATH = YES;
				ONLY_ACTIVE_ARCH = YES;
				SDKROOT = iphoneos;
				SWIFT_ACTIVE_COMPILATION_CONDITIONS = DEBUG;
				SWIFT_OPTIMIZATION_LEVEL = "-Onone";
			};
			name = Debug;
		};
		47E1627D28070AA3008891A2 /* Release */ = {
			isa = XCBuildConfiguration;
			buildSettings = {
				ALWAYS_SEARCH_USER_PATHS = NO;
				CLANG_ANALYZER_NONNULL = YES;
				CLANG_ANALYZER_NUMBER_OBJECT_CONVERSION = YES_AGGRESSIVE;
				CLANG_CXX_LANGUAGE_STANDARD = "gnu++17";
				CLANG_ENABLE_MODULES = YES;
				CLANG_ENABLE_OBJC_ARC = YES;
				CLANG_ENABLE_OBJC_WEAK = YES;
				CLANG_WARN_BLOCK_CAPTURE_AUTORELEASING = YES;
				CLANG_WARN_BOOL_CONVERSION = YES;
				CLANG_WARN_COMMA = YES;
				CLANG_WARN_CONSTANT_CONVERSION = YES;
				CLANG_WARN_DEPRECATED_OBJC_IMPLEMENTATIONS = YES;
				CLANG_WARN_DIRECT_OBJC_ISA_USAGE = YES_ERROR;
				CLANG_WARN_DOCUMENTATION_COMMENTS = YES;
				CLANG_WARN_EMPTY_BODY = YES;
				CLANG_WARN_ENUM_CONVERSION = YES;
				CLANG_WARN_INFINITE_RECURSION = YES;
				CLANG_WARN_INT_CONVERSION = YES;
				CLANG_WARN_NON_LITERAL_NULL_CONVERSION = YES;
				CLANG_WARN_OBJC_IMPLICIT_RETAIN_SELF = YES;
				CLANG_WARN_OBJC_LITERAL_CONVERSION = YES;
				CLANG_WARN_OBJC_ROOT_CLASS = YES_ERROR;
				CLANG_WARN_QUOTED_INCLUDE_IN_FRAMEWORK_HEADER = YES;
				CLANG_WARN_RANGE_LOOP_ANALYSIS = YES;
				CLANG_WARN_STRICT_PROTOTYPES = YES;
				CLANG_WARN_SUSPICIOUS_MOVE = YES;
				CLANG_WARN_UNGUARDED_AVAILABILITY = YES_AGGRESSIVE;
				CLANG_WARN_UNREACHABLE_CODE = YES;
				CLANG_WARN__DUPLICATE_METHOD_MATCH = YES;
				COPY_PHASE_STRIP = NO;
				DEBUG_INFORMATION_FORMAT = "dwarf-with-dsym";
				ENABLE_NS_ASSERTIONS = NO;
				ENABLE_STRICT_OBJC_MSGSEND = YES;
				GCC_C_LANGUAGE_STANDARD = gnu11;
				GCC_NO_COMMON_BLOCKS = YES;
				GCC_WARN_64_TO_32_BIT_CONVERSION = YES;
				GCC_WARN_ABOUT_RETURN_TYPE = YES_ERROR;
				GCC_WARN_UNDECLARED_SELECTOR = YES;
				GCC_WARN_UNINITIALIZED_AUTOS = YES_AGGRESSIVE;
				GCC_WARN_UNUSED_FUNCTION = YES;
				GCC_WARN_UNUSED_VARIABLE = YES;
				IPHONEOS_DEPLOYMENT_TARGET = 15.4;
				MTL_ENABLE_DEBUG_INFO = NO;
				MTL_FAST_MATH = YES;
				SDKROOT = iphoneos;
				SWIFT_COMPILATION_MODE = wholemodule;
				SWIFT_OPTIMIZATION_LEVEL = "-O";
				VALIDATE_PRODUCT = YES;
			};
			name = Release;
		};
		47E1627F28070AA3008891A2 /* Debug */ = {
			isa = XCBuildConfiguration;
			buildSettings = {
				ASSETCATALOG_COMPILER_APPICON_NAME = AppIcon;
				ASSETCATALOG_COMPILER_GLOBAL_ACCENT_COLOR_NAME = AccentColor;
				CODE_SIGN_STYLE = Automatic;
				CURRENT_PROJECT_VERSION = 1;
				DEVELOPMENT_ASSET_PATHS = "\"UI-539/Preview Content\"";
				DEVELOPMENT_TEAM = 8CL4U468K5;
				ENABLE_PREVIEWS = YES;
				GENERATE_INFOPLIST_FILE = YES;
				INFOPLIST_KEY_UIApplicationSceneManifest_Generation = YES;
				INFOPLIST_KEY_UIApplicationSupportsIndirectInputEvents = YES;
				INFOPLIST_KEY_UILaunchScreen_Generation = YES;
				INFOPLIST_KEY_UISupportedInterfaceOrientations_iPad = "UIInterfaceOrientationPortrait UIInterfaceOrientationPortraitUpsideDown UIInterfaceOrientationLandscapeLeft UIInterfaceOrientationLandscapeRight";
				INFOPLIST_KEY_UISupportedInterfaceOrientations_iPhone = "UIInterfaceOrientationPortrait UIInterfaceOrientationLandscapeLeft UIInterfaceOrientationLandscapeRight";
				LD_RUNPATH_SEARCH_PATHS = (
					"$(inherited)",
					"@executable_path/Frameworks",
				);
				MARKETING_VERSION = 1.0;
				PRODUCT_BUNDLE_IDENTIFIER = "com.585.UI-539";
				PRODUCT_NAME = "$(TARGET_NAME)";
				SWIFT_EMIT_LOC_STRINGS = YES;
				SWIFT_VERSION = 5.0;
				TARGETED_DEVICE_FAMILY = "1,2";
			};
			name = Debug;
		};
		47E1628028070AA3008891A2 /* Release */ = {
			isa = XCBuildConfiguration;
			buildSettings = {
				ASSETCATALOG_COMPILER_APPICON_NAME = AppIcon;
				ASSETCATALOG_COMPILER_GLOBAL_ACCENT_COLOR_NAME = AccentColor;
				CODE_SIGN_STYLE = Automatic;
				CURRENT_PROJECT_VERSION = 1;
				DEVELOPMENT_ASSET_PATHS = "\"UI-539/Preview Content\"";
				DEVELOPMENT_TEAM = 8CL4U468K5;
				ENABLE_PREVIEWS = YES;
				GENERATE_INFOPLIST_FILE = YES;
				INFOPLIST_KEY_UIApplicationSceneManifest_Generation = YES;
				INFOPLIST_KEY_UIApplicationSupportsIndirectInputEvents = YES;
				INFOPLIST_KEY_UILaunchScreen_Generation = YES;
				INFOPLIST_KEY_UISupportedInterfaceOrientations_iPad = "UIInterfaceOrientationPortrait UIInterfaceOrientationPortraitUpsideDown UIInterfaceOrientationLandscapeLeft UIInterfaceOrientationLandscapeRight";
				INFOPLIST_KEY_UISupportedInterfaceOrientations_iPhone = "UIInterfaceOrientationPortrait UIInterfaceOrientationLandscapeLeft UIInterfaceOrientationLandscapeRight";
				LD_RUNPATH_SEARCH_PATHS = (
					"$(inherited)",
					"@executable_path/Frameworks",
				);
				MARKETING_VERSION = 1.0;
				PRODUCT_BUNDLE_IDENTIFIER = "com.585.UI-539";
				PRODUCT_NAME = "$(TARGET_NAME)";
				SWIFT_EMIT_LOC_STRINGS = YES;
				SWIFT_VERSION = 5.0;
				TARGETED_DEVICE_FAMILY = "1,2";
			};
			name = Release;
		};
		47E1628228070AA3008891A2 /* Debug */ = {
			isa = XCBuildConfiguration;
			buildSettings = {
				ALWAYS_EMBED_SWIFT_STANDARD_LIBRARIES = YES;
				BUNDLE_LOADER = "$(TEST_HOST)";
				CODE_SIGN_STYLE = Automatic;
				CURRENT_PROJECT_VERSION = 1;
				DEVELOPMENT_TEAM = 8CL4U468K5;
				GENERATE_INFOPLIST_FILE = YES;
				IPHONEOS_DEPLOYMENT_TARGET = 15.4;
				MARKETING_VERSION = 1.0;
				PRODUCT_BUNDLE_IDENTIFIER = "com.585.UI-539Tests";
				PRODUCT_NAME = "$(TARGET_NAME)";
				SWIFT_EMIT_LOC_STRINGS = NO;
				SWIFT_VERSION = 5.0;
				TARGETED_DEVICE_FAMILY = "1,2";
				TEST_HOST = "$(BUILT_PRODUCTS_DIR)/UI-539.app/UI-539";
			};
			name = Debug;
		};
		47E1628328070AA3008891A2 /* Release */ = {
			isa = XCBuildConfiguration;
			buildSettings = {
				ALWAYS_EMBED_SWIFT_STANDARD_LIBRARIES = YES;
				BUNDLE_LOADER = "$(TEST_HOST)";
				CODE_SIGN_STYLE = Automatic;
				CURRENT_PROJECT_VERSION = 1;
				DEVELOPMENT_TEAM = 8CL4U468K5;
				GENERATE_INFOPLIST_FILE = YES;
				IPHONEOS_DEPLOYMENT_TARGET = 15.4;
				MARKETING_VERSION = 1.0;
				PRODUCT_BUNDLE_IDENTIFIER = "com.585.UI-539Tests";
				PRODUCT_NAME = "$(TARGET_NAME)";
				SWIFT_EMIT_LOC_STRINGS = NO;
				SWIFT_VERSION = 5.0;
				TARGETED_DEVICE_FAMILY = "1,2";
				TEST_HOST = "$(BUILT_PRODUCTS_DIR)/UI-539.app/UI-539";
			};
			name = Release;
		};
		47E1628528070AA3008891A2 /* Debug */ = {
			isa = XCBuildConfiguration;
			buildSettings = {
				ALWAYS_EMBED_SWIFT_STANDARD_LIBRARIES = YES;
				CODE_SIGN_STYLE = Automatic;
				CURRENT_PROJECT_VERSION = 1;
				DEVELOPMENT_TEAM = 8CL4U468K5;
				GENERATE_INFOPLIST_FILE = YES;
				MARKETING_VERSION = 1.0;
				PRODUCT_BUNDLE_IDENTIFIER = "com.585.UI-539UITests";
				PRODUCT_NAME = "$(TARGET_NAME)";
				SWIFT_EMIT_LOC_STRINGS = NO;
				SWIFT_VERSION = 5.0;
				TARGETED_DEVICE_FAMILY = "1,2";
				TEST_TARGET_NAME = "UI-539";
			};
			name = Debug;
		};
		47E1628628070AA3008891A2 /* Release */ = {
			isa = XCBuildConfiguration;
			buildSettings = {
				ALWAYS_EMBED_SWIFT_STANDARD_LIBRARIES = YES;
				CODE_SIGN_STYLE = Automatic;
				CURRENT_PROJECT_VERSION = 1;
				DEVELOPMENT_TEAM = 8CL4U468K5;
				GENERATE_INFOPLIST_FILE = YES;
				MARKETING_VERSION = 1.0;
				PRODUCT_BUNDLE_IDENTIFIER = "com.585.UI-539UITests";
				PRODUCT_NAME = "$(TARGET_NAME)";
				SWIFT_EMIT_LOC_STRINGS = NO;
				SWIFT_VERSION = 5.0;
				TARGETED_DEVICE_FAMILY = "1,2";
				TEST_TARGET_NAME = "UI-539";
			};
			name = Release;
		};
/* End XCBuildConfiguration section */

/* Begin XCConfigurationList section */
		47E1625528070AA2008891A2 /* Build configuration list for PBXProject "UI-539" */ = {
			isa = XCConfigurationList;
			buildConfigurations = (
				47E1627C28070AA3008891A2 /* Debug */,
				47E1627D28070AA3008891A2 /* Release */,
			);
			defaultConfigurationIsVisible = 0;
			defaultConfigurationName = Release;
		};
		47E1627E28070AA3008891A2 /* Build configuration list for PBXNativeTarget "UI-539" */ = {
			isa = XCConfigurationList;
			buildConfigurations = (
				47E1627F28070AA3008891A2 /* Debug */,
				47E1628028070AA3008891A2 /* Release */,
			);
			defaultConfigurationIsVisible = 0;
			defaultConfigurationName = Release;
		};
		47E1628128070AA3008891A2 /* Build configuration list for PBXNativeTarget "UI-539Tests" */ = {
			isa = XCConfigurationList;
			buildConfigurations = (
				47E1628228070AA3008891A2 /* Debug */,
				47E1628328070AA3008891A2 /* Release */,
			);
			defaultConfigurationIsVisible = 0;
			defaultConfigurationName = Release;
		};
		47E1628428070AA3008891A2 /* Build configuration list for PBXNativeTarget "UI-539UITests" */ = {
			isa = XCConfigurationList;
			buildConfigurations = (
				47E1628528070AA3008891A2 /* Debug */,
				47E1628628070AA3008891A2 /* Release */,
			);
			defaultConfigurationIsVisible = 0;
			defaultConfigurationName = Release;
		};
/* End XCConfigurationList section */

/* Begin XCRemoteSwiftPackageReference section */
		47E162922807150B008891A2 /* XCRemoteSwiftPackageReference "SDWebImageSwiftUI" */ = {
			isa = XCRemoteSwiftPackageReference;
			repositoryURL = "https://github.com/SDWebImage/SDWebImageSwiftUI.git";
			requirement = {
				branch = master;
				kind = branch;
			};
		};
/* End XCRemoteSwiftPackageReference section */

/* Begin XCSwiftPackageProductDependency section */
		47E162932807150B008891A2 /* SDWebImageSwiftUI */ = {
			isa = XCSwiftPackageProductDependency;
			package = 47E162922807150B008891A2 /* XCRemoteSwiftPackageReference "SDWebImageSwiftUI" */;
			productName = SDWebImageSwiftUI;
		};
/* End XCSwiftPackageProductDependency section */
	};
	rootObject = 47E1625228070AA2008891A2 /* Project object */;
}
